
Microsoft Visual Studio Solution File, Format Version 12.00
# Visual Studio Version 17
VisualStudioVersion = 17.10.35027.167
MinimumVisualStudioVersion = 10.0.40219.1
Project("{9A19103F-16F7-4668-BE54-9A1E7A4F7556}") = "demo_RaceCondition", "demo_RaceCondition\demo_RaceCondition.csproj", "{6FA98FB0-3750-4C7F-8975-298B859FD407}"
EndProject
Project("{E53339B2-1760-4266-BCC7-CA923CBCF16C}") = "docker-compose", "docker-compose.dcproj", "{C93E653A-9C45-489C-B948-669D1665D5C6}"
EndProject
Global
	GlobalSection(SolutionConfigurationPlatforms) = preSolution
		Debug|Any CPU = Debug|Any CPU
		Release|Any CPU = Release|Any CPU
	EndGlobalSection
	GlobalSection(ProjectConfigurationPlatforms) = postSolution
		{6FA98FB0-3750-4C7F-8975-298B859FD407}.Debug|Any CPU.ActiveCfg = Debug|Any CPU
		{6FA98FB0-3750-4C7F-8975-298B859FD407}.Debug|Any CPU.Build.0 = Debug|Any CPU
		{6FA98FB0-3750-4C7F-8975-298B859FD407}.Release|Any CPU.ActiveCfg = Release|Any CPU
		{6FA98FB0-3750-4C7F-8975-298B859FD407}.Release|Any CPU.Build.0 = Release|Any CPU
		{C93E653A-9C45-489C-B948-669D1665D5C6}.Debug|Any CPU.ActiveCfg = Debug|Any CPU
		{C93E653A-9C45-489C-B948-669D1665D5C6}.Debug|Any CPU.Build.0 = Debug|Any CPU
		{C93E653A-9C45-489C-B948-669D1665D5C6}.Release|Any CPU.ActiveCfg = Release|Any CPU
		{C93E653A-9C45-489C-B948-669D1665D5C6}.Release|Any CPU.Build.0 = Release|Any CPU
	EndGlobalSection
	GlobalSection(SolutionProperties) = preSolution
		HideSolutionNode = FALSE
	EndGlobalSection
	GlobalSection(ExtensibilityGlobals) = postSolution
		SolutionGuid = {EFF2F442-418E-44C3-86C9-6CED78476DDB}
	EndGlobalSection
EndGlobal
